
Microsoft Visual Studio Solution File, Format Version 12.00
Project("{FAE04EC0-301F-11D3-BF4B-00C04F79EFBC}") = "SimpleZ.SignalRManager.Abstractions", "SimpleZ.SignalRManager.Abstractions\SimpleZ.SignalRManager.Abstractions.csproj", "{8D95D6B0-D4E0-4AEA-AB48-FDBB45D804F2}"
EndProject
Project("{FAE04EC0-301F-11D3-BF4B-00C04F79EFBC}") = "SimpleZ.SignalRManager.LocalConnections", "SimpleZ.SignalRManager.LocalConnections\SimpleZ.SignalRManager.LocalConnections.csproj", "{CF9BCEDD-6751-4341-A817-78602BE719DE}"
EndProject
Global
	GlobalSection(SolutionConfigurationPlatforms) = preSolution
		Debug|Any CPU = Debug|Any CPU
		Release|Any CPU = Release|Any CPU
	EndGlobalSection
	GlobalSection(ProjectConfigurationPlatforms) = postSolution
		{8D95D6B0-D4E0-4AEA-AB48-FDBB45D804F2}.Debug|Any CPU.ActiveCfg = Debug|Any CPU
		{8D95D6B0-D4E0-4AEA-AB48-FDBB45D804F2}.Debug|Any CPU.Build.0 = Debug|Any CPU
		{8D95D6B0-D4E0-4AEA-AB48-FDBB45D804F2}.Release|Any CPU.ActiveCfg = Release|Any CPU
		{8D95D6B0-D4E0-4AEA-AB48-FDBB45D804F2}.Release|Any CPU.Build.0 = Release|Any CPU
		{CF9BCEDD-6751-4341-A817-78602BE719DE}.Debug|Any CPU.ActiveCfg = Debug|Any CPU
		{CF9BCEDD-6751-4341-A817-78602BE719DE}.Debug|Any CPU.Build.0 = Debug|Any CPU
		{CF9BCEDD-6751-4341-A817-78602BE719DE}.Release|Any CPU.ActiveCfg = Release|Any CPU
		{CF9BCEDD-6751-4341-A817-78602BE719DE}.Release|Any CPU.Build.0 = Release|Any CPU
	EndGlobalSection
EndGlobal
